{
  "name": "polymer-starter-kit",
  "requires": true,
  "lockfileVersion": 1,
  "dependencies": {
    "tunajs": {
      "version": "1.0.1",
      "resolved": "https://registry.npmjs.org/tunajs/-/tunajs-1.0.1.tgz",
      "integrity": "sha512-wx96nvUbGsoIzF6WbQESWz0XPFBZYSmZ0bEyb9YR6vvuIAyZLmpQzieYUhT/b4uEUs0rMMfB9ty+S9aLjklheA=="
    }
  }
}
